
Microsoft Visual Studio Solution File, Format Version 12.00
# Visual Studio Version 17
VisualStudioVersion = 17.2.32616.157
MinimumVisualStudioVersion = 10.0.40219.1
Project("{FAE04EC0-301F-11D3-BF4B-00C04F79EFBC}") = "SAISKabini", "SAISKabini\SAISKabini.csproj", "{B81925FB-F6F5-4189-8018-56FAA54E64FA}"
EndProject
Global
	GlobalSection(SolutionConfigurationPlatforms) = preSolution
		Debug|Any CPU = Debug|Any CPU
		Release|Any CPU = Release|Any CPU
	EndGlobalSection
	GlobalSection(ProjectConfigurationPlatforms) = postSolution
		{B81925FB-F6F5-4189-8018-56FAA54E64FA}.Debug|Any CPU.ActiveCfg = Debug|Any CPU
		{B81925FB-F6F5-4189-8018-56FAA54E64FA}.Debug|Any CPU.Build.0 = Debug|Any CPU
		{B81925FB-F6F5-4189-8018-56FAA54E64FA}.Release|Any CPU.ActiveCfg = Release|Any CPU
		{B81925FB-F6F5-4189-8018-56FAA54E64FA}.Release|Any CPU.Build.0 = Release|Any CPU
	EndGlobalSection
	GlobalSection(SolutionProperties) = preSolution
		HideSolutionNode = FALSE
	EndGlobalSection
	GlobalSection(ExtensibilityGlobals) = postSolution
		SolutionGuid = {8663A6A9-FBE5-46B5-A4BE-66FF88D270DC}
	EndGlobalSection
EndGlobal
